
Microsoft Visual Studio Solution File, Format Version 12.00
# Visual Studio 2013
VisualStudioVersion = 12.0.30723.0
MinimumVisualStudioVersion = 10.0.40219.1
Project("{E24C65DC-7377-472B-9ABA-BC803B73C61A}") = "SbariappMobile", "http://localhost:1319", "{01BD8009-0B86-4FC7-AFED-1C935FF2DC0E}"
	ProjectSection(WebsiteProperties) = preProject
		UseIISExpress = "true"
		TargetFrameworkMoniker = ".NETFramework,Version%3Dv4.0"
		Debug.AspNetCompiler.VirtualPath = "/localhost_1319"
		Debug.AspNetCompiler.PhysicalPath = "..\SbariappMobile\"
		Debug.AspNetCompiler.TargetPath = "PrecompiledWeb\localhost_1319\"
		Debug.AspNetCompiler.Updateable = "true"
		Debug.AspNetCompiler.ForceOverwrite = "true"
		Debug.AspNetCompiler.FixedNames = "false"
		Debug.AspNetCompiler.Debug = "True"
		Release.AspNetCompiler.VirtualPath = "/localhost_1319"
		Release.AspNetCompiler.PhysicalPath = "..\SbariappMobile\"
		Release.AspNetCompiler.TargetPath = "PrecompiledWeb\localhost_1319\"
		Release.AspNetCompiler.Updateable = "true"
		Release.AspNetCompiler.ForceOverwrite = "true"
		Release.AspNetCompiler.FixedNames = "false"
		Release.AspNetCompiler.Debug = "False"
		SlnRelativePath = "..\SbariappMobile\"
	EndProjectSection
EndProject
Project("{E24C65DC-7377-472B-9ABA-BC803B73C61A}") = "SbariappUserFrontEnd", "http://localhost:6098", "{7DBB4385-AC15-4458-89CC-A7F9B5477ABE}"
	ProjectSection(WebsiteProperties) = preProject
		UseIISExpress = "true"
		TargetFrameworkMoniker = ".NETFramework,Version%3Dv4.0"
		Debug.AspNetCompiler.VirtualPath = "/localhost_6098"
		Debug.AspNetCompiler.PhysicalPath = "..\SbariappUserFrontEnd\"
		Debug.AspNetCompiler.TargetPath = "PrecompiledWeb\localhost_6098\"
		Debug.AspNetCompiler.Updateable = "true"
		Debug.AspNetCompiler.ForceOverwrite = "true"
		Debug.AspNetCompiler.FixedNames = "false"
		Debug.AspNetCompiler.Debug = "True"
		Release.AspNetCompiler.VirtualPath = "/localhost_6098"
		Release.AspNetCompiler.PhysicalPath = "..\SbariappUserFrontEnd\"
		Release.AspNetCompiler.TargetPath = "PrecompiledWeb\localhost_6098\"
		Release.AspNetCompiler.Updateable = "true"
		Release.AspNetCompiler.ForceOverwrite = "true"
		Release.AspNetCompiler.FixedNames = "false"
		Release.AspNetCompiler.Debug = "False"
		SlnRelativePath = "..\SbariappUserFrontEnd\"
	EndProjectSection
EndProject
Global
	GlobalSection(SolutionConfigurationPlatforms) = preSolution
		Debug|Any CPU = Debug|Any CPU
		Release|Any CPU = Release|Any CPU
	EndGlobalSection
	GlobalSection(ProjectConfigurationPlatforms) = postSolution
		{01BD8009-0B86-4FC7-AFED-1C935FF2DC0E}.Debug|Any CPU.ActiveCfg = Debug|Any CPU
		{01BD8009-0B86-4FC7-AFED-1C935FF2DC0E}.Debug|Any CPU.Build.0 = Debug|Any CPU
		{01BD8009-0B86-4FC7-AFED-1C935FF2DC0E}.Release|Any CPU.ActiveCfg = Debug|Any CPU
		{01BD8009-0B86-4FC7-AFED-1C935FF2DC0E}.Release|Any CPU.Build.0 = Debug|Any CPU
		{7DBB4385-AC15-4458-89CC-A7F9B5477ABE}.Debug|Any CPU.ActiveCfg = Debug|Any CPU
		{7DBB4385-AC15-4458-89CC-A7F9B5477ABE}.Debug|Any CPU.Build.0 = Debug|Any CPU
		{7DBB4385-AC15-4458-89CC-A7F9B5477ABE}.Release|Any CPU.ActiveCfg = Debug|Any CPU
		{7DBB4385-AC15-4458-89CC-A7F9B5477ABE}.Release|Any CPU.Build.0 = Debug|Any CPU
	EndGlobalSection
	GlobalSection(SolutionProperties) = preSolution
		HideSolutionNode = FALSE
	EndGlobalSection
EndGlobal
